
Microsoft Visual Studio Solution File, Format Version 12.00
# Visual Studio Version 17
VisualStudioVersion = 17.11.35222.181
MinimumVisualStudioVersion = 10.0.40219.1
Project("{8BC9CEB8-8B4A-11D0-8D11-00A0C91BC942}") = "Laba3(gh)", "Laba3(gh).vcxproj", "{8BDBF770-9875-4C6F-8E4A-B034B13D9ECF}"
EndProject
Global
	GlobalSection(SolutionConfigurationPlatforms) = preSolution
		Debug|x64 = Debug|x64
		Debug|x86 = Debug|x86
		Release|x64 = Release|x64
		Release|x86 = Release|x86
	EndGlobalSection
	GlobalSection(ProjectConfigurationPlatforms) = postSolution
		{8BDBF770-9875-4C6F-8E4A-B034B13D9ECF}.Debug|x64.ActiveCfg = Debug|x64
		{8BDBF770-9875-4C6F-8E4A-B034B13D9ECF}.Debug|x64.Build.0 = Debug|x64
		{8BDBF770-9875-4C6F-8E4A-B034B13D9ECF}.Debug|x86.ActiveCfg = Debug|Win32
		{8BDBF770-9875-4C6F-8E4A-B034B13D9ECF}.Debug|x86.Build.0 = Debug|Win32
		{8BDBF770-9875-4C6F-8E4A-B034B13D9ECF}.Release|x64.ActiveCfg = Release|x64
		{8BDBF770-9875-4C6F-8E4A-B034B13D9ECF}.Release|x64.Build.0 = Release|x64
		{8BDBF770-9875-4C6F-8E4A-B034B13D9ECF}.Release|x86.ActiveCfg = Release|Win32
		{8BDBF770-9875-4C6F-8E4A-B034B13D9ECF}.Release|x86.Build.0 = Release|Win32
	EndGlobalSection
	GlobalSection(SolutionProperties) = preSolution
		HideSolutionNode = FALSE
	EndGlobalSection
	GlobalSection(ExtensibilityGlobals) = postSolution
		SolutionGuid = {AD00A1BD-7071-4E46-AD68-2A2FB02A5A20}
	EndGlobalSection
EndGlobal
